
Microsoft Visual Studio Solution File, Format Version 12.00
# Visual Studio Version 17
VisualStudioVersion = 17.14.37012.4
MinimumVisualStudioVersion = 10.0.40219.1
Project("{FAE04EC0-301F-11D3-BF4B-00C04F79EFBC}") = "HolyCookies", "HolyCookies\HolyCookies.csproj", "{054DEAB2-3CDD-4B59-B100-C4E9B4EB15F1}"
EndProject
Project("{FAE04EC0-301F-11D3-BF4B-00C04F79EFBC}") = "HolyCookies.Api", "HolyCookies.Api\HolyCookies.Api.csproj", "{3A603541-FC2A-45CC-B95D-1B75F6D41FC0}"
EndProject
Global
	GlobalSection(SolutionConfigurationPlatforms) = preSolution
		Debug|Any CPU = Debug|Any CPU
		Debug|x64 = Debug|x64
		Debug|x86 = Debug|x86
		Release|Any CPU = Release|Any CPU
		Release|x64 = Release|x64
		Release|x86 = Release|x86
	EndGlobalSection
	GlobalSection(ProjectConfigurationPlatforms) = postSolution
		{054DEAB2-3CDD-4B59-B100-C4E9B4EB15F1}.Debug|Any CPU.ActiveCfg = Debug|Any CPU
		{054DEAB2-3CDD-4B59-B100-C4E9B4EB15F1}.Debug|Any CPU.Build.0 = Debug|Any CPU
		{054DEAB2-3CDD-4B59-B100-C4E9B4EB15F1}.Debug|x64.ActiveCfg = Debug|Any CPU
		{054DEAB2-3CDD-4B59-B100-C4E9B4EB15F1}.Debug|x64.Build.0 = Debug|Any CPU
		{054DEAB2-3CDD-4B59-B100-C4E9B4EB15F1}.Debug|x86.ActiveCfg = Debug|Any CPU
		{054DEAB2-3CDD-4B59-B100-C4E9B4EB15F1}.Debug|x86.Build.0 = Debug|Any CPU
		{054DEAB2-3CDD-4B59-B100-C4E9B4EB15F1}.Release|Any CPU.ActiveCfg = Release|Any CPU
		{054DEAB2-3CDD-4B59-B100-C4E9B4EB15F1}.Release|Any CPU.Build.0 = Release|Any CPU
		{054DEAB2-3CDD-4B59-B100-C4E9B4EB15F1}.Release|x64.ActiveCfg = Release|Any CPU
		{054DEAB2-3CDD-4B59-B100-C4E9B4EB15F1}.Release|x64.Build.0 = Release|Any CPU
		{054DEAB2-3CDD-4B59-B100-C4E9B4EB15F1}.Release|x86.ActiveCfg = Release|Any CPU
		{054DEAB2-3CDD-4B59-B100-C4E9B4EB15F1}.Release|x86.Build.0 = Release|Any CPU
		{3A603541-FC2A-45CC-B95D-1B75F6D41FC0}.Debug|Any CPU.ActiveCfg = Debug|Any CPU
		{3A603541-FC2A-45CC-B95D-1B75F6D41FC0}.Debug|Any CPU.Build.0 = Debug|Any CPU
		{3A603541-FC2A-45CC-B95D-1B75F6D41FC0}.Debug|x64.ActiveCfg = Debug|Any CPU
		{3A603541-FC2A-45CC-B95D-1B75F6D41FC0}.Debug|x64.Build.0 = Debug|Any CPU
		{3A603541-FC2A-45CC-B95D-1B75F6D41FC0}.Debug|x86.ActiveCfg = Debug|Any CPU
		{3A603541-FC2A-45CC-B95D-1B75F6D41FC0}.Debug|x86.Build.0 = Debug|Any CPU
		{3A603541-FC2A-45CC-B95D-1B75F6D41FC0}.Release|Any CPU.ActiveCfg = Release|Any CPU
		{3A603541-FC2A-45CC-B95D-1B75F6D41FC0}.Release|Any CPU.Build.0 = Release|Any CPU
		{3A603541-FC2A-45CC-B95D-1B75F6D41FC0}.Release|x64.ActiveCfg = Release|Any CPU
		{3A603541-FC2A-45CC-B95D-1B75F6D41FC0}.Release|x64.Build.0 = Release|Any CPU
		{3A603541-FC2A-45CC-B95D-1B75F6D41FC0}.Release|x86.ActiveCfg = Release|Any CPU
		{3A603541-FC2A-45CC-B95D-1B75F6D41FC0}.Release|x86.Build.0 = Release|Any CPU
	EndGlobalSection
	GlobalSection(SolutionProperties) = preSolution
		HideSolutionNode = FALSE
	EndGlobalSection
	GlobalSection(ExtensibilityGlobals) = postSolution
		SolutionGuid = {A0ACBF64-8FDB-4D94-8CAB-A7F90BA0D9AD}
	EndGlobalSection
EndGlobal
